
Microsoft Visual Studio Solution File, Format Version 12.00
# Visual Studio Version 16
VisualStudioVersion = 16.0.30204.135
MinimumVisualStudioVersion = 10.0.40219.1
Project("{9A19103F-16F7-4668-BE54-9A1E7A4F7556}") = "blog.Application", "..\blog.Application\blog.Application.csproj", "{1878FA94-752E-4090-81A0-830C06E05F55}"
EndProject
Project("{9A19103F-16F7-4668-BE54-9A1E7A4F7556}") = "blog.Domain", "..\blog.Domain\blog.Domain.csproj", "{8A127257-151C-4EA9-9E95-22583EF2A13A}"
EndProject
Project("{9A19103F-16F7-4668-BE54-9A1E7A4F7556}") = "blog.Infrastructure", "..\blog.Infrastructure\blog.Infrastructure.csproj", "{E87CADFC-66C0-4332-8B52-897A92BA25A6}"
EndProject
Project("{9A19103F-16F7-4668-BE54-9A1E7A4F7556}") = "blog", "blog.csproj", "{17B7F4BF-1B6D-441A-8834-CBA742CA42C7}"
EndProject
Global
	GlobalSection(SolutionConfigurationPlatforms) = preSolution
		Debug|Any CPU = Debug|Any CPU
		Release|Any CPU = Release|Any CPU
	EndGlobalSection
	GlobalSection(ProjectConfigurationPlatforms) = postSolution
		{1878FA94-752E-4090-81A0-830C06E05F55}.Debug|Any CPU.ActiveCfg = Debug|Any CPU
		{1878FA94-752E-4090-81A0-830C06E05F55}.Debug|Any CPU.Build.0 = Debug|Any CPU
		{1878FA94-752E-4090-81A0-830C06E05F55}.Release|Any CPU.ActiveCfg = Release|Any CPU
		{1878FA94-752E-4090-81A0-830C06E05F55}.Release|Any CPU.Build.0 = Release|Any CPU
		{8A127257-151C-4EA9-9E95-22583EF2A13A}.Debug|Any CPU.ActiveCfg = Debug|Any CPU
		{8A127257-151C-4EA9-9E95-22583EF2A13A}.Debug|Any CPU.Build.0 = Debug|Any CPU
		{8A127257-151C-4EA9-9E95-22583EF2A13A}.Release|Any CPU.ActiveCfg = Release|Any CPU
		{8A127257-151C-4EA9-9E95-22583EF2A13A}.Release|Any CPU.Build.0 = Release|Any CPU
		{E87CADFC-66C0-4332-8B52-897A92BA25A6}.Debug|Any CPU.ActiveCfg = Debug|Any CPU
		{E87CADFC-66C0-4332-8B52-897A92BA25A6}.Debug|Any CPU.Build.0 = Debug|Any CPU
		{E87CADFC-66C0-4332-8B52-897A92BA25A6}.Release|Any CPU.ActiveCfg = Release|Any CPU
		{E87CADFC-66C0-4332-8B52-897A92BA25A6}.Release|Any CPU.Build.0 = Release|Any CPU
		{17B7F4BF-1B6D-441A-8834-CBA742CA42C7}.Debug|Any CPU.ActiveCfg = Debug|Any CPU
		{17B7F4BF-1B6D-441A-8834-CBA742CA42C7}.Debug|Any CPU.Build.0 = Debug|Any CPU
		{17B7F4BF-1B6D-441A-8834-CBA742CA42C7}.Release|Any CPU.ActiveCfg = Release|Any CPU
		{17B7F4BF-1B6D-441A-8834-CBA742CA42C7}.Release|Any CPU.Build.0 = Release|Any CPU
	EndGlobalSection
	GlobalSection(SolutionProperties) = preSolution
		HideSolutionNode = FALSE
	EndGlobalSection
	GlobalSection(ExtensibilityGlobals) = postSolution
		SolutionGuid = {C4C62233-4E2B-474F-BA73-6CDAFD9BEB7F}
	EndGlobalSection
EndGlobal
